
Microsoft Visual Studio Solution File, Format Version 12.00
# Visual Studio Version 16
VisualStudioVersion = 16.0.31624.102
MinimumVisualStudioVersion = 10.0.40219.1
Project("{FAE04EC0-301F-11D3-BF4B-00C04F79EFBC}") = "FriendlyClock", "FriendlyClock.csproj", "{52B46985-659D-4048-A721-B24CD2B89E5B}"
EndProject
Project("{FAE04EC0-301F-11D3-BF4B-00C04F79EFBC}") = "FriendlyClockTest", "..\FriendlyClockTest\FriendlyClockTest.csproj", "{558A8A56-3803-44D8-8F5D-7AA9BEE60465}"
EndProject
Project("{FAE04EC0-301F-11D3-BF4B-00C04F79EFBC}") = "FriendtlyClockMSTest", "..\FriendtlyClockMSTest\FriendtlyClockMSTest.csproj", "{8A3001B8-D1B4-47B8-902B-B8A42685147E}"
EndProject
Global
	GlobalSection(SolutionConfigurationPlatforms) = preSolution
		Debug|Any CPU = Debug|Any CPU
		Release|Any CPU = Release|Any CPU
	EndGlobalSection
	GlobalSection(ProjectConfigurationPlatforms) = postSolution
		{52B46985-659D-4048-A721-B24CD2B89E5B}.Debug|Any CPU.ActiveCfg = Debug|Any CPU
		{52B46985-659D-4048-A721-B24CD2B89E5B}.Debug|Any CPU.Build.0 = Debug|Any CPU
		{52B46985-659D-4048-A721-B24CD2B89E5B}.Release|Any CPU.ActiveCfg = Release|Any CPU
		{52B46985-659D-4048-A721-B24CD2B89E5B}.Release|Any CPU.Build.0 = Release|Any CPU
		{558A8A56-3803-44D8-8F5D-7AA9BEE60465}.Debug|Any CPU.ActiveCfg = Debug|Any CPU
		{558A8A56-3803-44D8-8F5D-7AA9BEE60465}.Debug|Any CPU.Build.0 = Debug|Any CPU
		{558A8A56-3803-44D8-8F5D-7AA9BEE60465}.Release|Any CPU.ActiveCfg = Release|Any CPU
		{558A8A56-3803-44D8-8F5D-7AA9BEE60465}.Release|Any CPU.Build.0 = Release|Any CPU
		{8A3001B8-D1B4-47B8-902B-B8A42685147E}.Debug|Any CPU.ActiveCfg = Debug|Any CPU
		{8A3001B8-D1B4-47B8-902B-B8A42685147E}.Debug|Any CPU.Build.0 = Debug|Any CPU
		{8A3001B8-D1B4-47B8-902B-B8A42685147E}.Release|Any CPU.ActiveCfg = Release|Any CPU
		{8A3001B8-D1B4-47B8-902B-B8A42685147E}.Release|Any CPU.Build.0 = Release|Any CPU
	EndGlobalSection
	GlobalSection(SolutionProperties) = preSolution
		HideSolutionNode = FALSE
	EndGlobalSection
	GlobalSection(ExtensibilityGlobals) = postSolution
		SolutionGuid = {02384108-906D-438E-BFC5-F016B8F8B7AA}
	EndGlobalSection
EndGlobal
